
Microsoft Visual Studio Solution File, Format Version 12.00
# Visual Studio Version 17
VisualStudioVersion = 17.5.33516.290
MinimumVisualStudioVersion = 10.0.40219.1
Project("{FAE04EC0-301F-11D3-BF4B-00C04F79EFBC}") = "Tableware", "Tableware.csproj", "{C83C311E-5703-41C4-B5B0-69BAC52C3067}"
EndProject
Global
	GlobalSection(SolutionConfigurationPlatforms) = preSolution
		Debug|Any CPU = Debug|Any CPU
		Release|Any CPU = Release|Any CPU
	EndGlobalSection
	GlobalSection(ProjectConfigurationPlatforms) = postSolution
		{C83C311E-5703-41C4-B5B0-69BAC52C3067}.Debug|Any CPU.ActiveCfg = Debug|Any CPU
		{C83C311E-5703-41C4-B5B0-69BAC52C3067}.Debug|Any CPU.Build.0 = Debug|Any CPU
		{C83C311E-5703-41C4-B5B0-69BAC52C3067}.Release|Any CPU.ActiveCfg = Release|Any CPU
		{C83C311E-5703-41C4-B5B0-69BAC52C3067}.Release|Any CPU.Build.0 = Release|Any CPU
	EndGlobalSection
	GlobalSection(SolutionProperties) = preSolution
		HideSolutionNode = FALSE
	EndGlobalSection
	GlobalSection(ExtensibilityGlobals) = postSolution
		SolutionGuid = {4532D942-40F7-4FA5-B46C-DB327F0CF908}
	EndGlobalSection
EndGlobal
